{
  "nodes": {
    "nixpkgs": {
      "locked": {
        "lastModified": 1692463654,
        "narHash": "sha256-F8hZmsQINI+S6UROM4jyxAMbQLtzE44pI8Nk6NtMdao=",
        "owner": "NixOS",
        "repo": "nixpkgs",
        "rev": "ca3c9ac9f4cdd4bea19f592b32bb59b74ab7d783",
        "type": "github"
      },
      "original": {
        "owner": "NixOS",
        "ref": "nixpkgs-unstable",
        "repo": "nixpkgs",
        "type": "github"
      }
    },
    "root": {
      "inputs": {
        "nixpkgs": "nixpkgs"
      }
    }
  },
  "root": "root",
  "version": 7
}
